<?xml version="1.0" encoding="utf-8"?>
<Project ToolsVersion="4.0" xmlns="http://schemas.microsoft.com/developer/msbuild/2003">
  <ItemGroup>
    <Filter Include="源文件">
      <UniqueIdentifier>{4FC737F1-C7A5-4376-A066-2A32D752A2FF}</UniqueIdentifier>
      <Extensions>cpp;c;cc;cxx;c++;cppm;ixx;def;odl;idl;hpj;bat;asm;asmx</Extensions>
    </Filter>
    <Filter Include="头文件">
      <UniqueIdentifier>{93995380-89BD-4b04-88EB-625FBE52EBFB}</UniqueIdentifier>
      <Extensions>h;hh;hpp;hxx;h++;hm;inl;inc;ipp;xsd</Extensions>
    </Filter>
    <Filter Include="资源文件">
      <UniqueIdentifier>{67DA6AB6-F800-4c08-8B7A-83BB121AAD01}</UniqueIdentifier>
      <Extensions>rc;ico;cur;bmp;dlg;rc2;rct;bin;rgs;gif;jpg;jpeg;jpe;resx;tiff;tif;png;wav;mfcribbon-ms</Extensions>
    </Filter>
  </ItemGroup>
  <ItemGroup>
    <ClInclude Include="include\roamer_editor\Editor.hpp">
      <Filter>头文件</Filter>
    </ClInclude>
    <ClInclude Include="include\roamer_editor\EditorApplication.hpp">
      <Filter>头文件</Filter>
    </ClInclude>
    <ClInclude Include="include\roamer_editor.hpp">
      <Filter>头文件</Filter>
    </ClInclude>
    <ClInclude Include="include\roamer_editor\TransformEditor.hpp">
      <Filter>头文件</Filter>
    </ClInclude>
    <ClInclude Include="include\roamer_editor\Hierarchy.hpp">
      <Filter>头文件</Filter>
    </ClInclude>
    <ClInclude Include="include\roamer_editor\imgui.hpp">
      <Filter>头文件</Filter>
    </ClInclude>
    <ClInclude Include="include\roamer_editor\Inspector.hpp">
      <Filter>头文件</Filter>
    </ClInclude>
    <ClInclude Include="include\roamer_editor\CameraEditor.hpp">
      <Filter>头文件</Filter>
    </ClInclude>
    <ClInclude Include="include\roamer_editor\LightEditor.hpp">
      <Filter>头文件</Filter>
    </ClInclude>
    <ClInclude Include="include\roamer_editor\EditorGUI.hpp">
      <Filter>头文件</Filter>
    </ClInclude>
    <ClInclude Include="include\roamer_editor\RendererEditor.hpp">
      <Filter>头文件</Filter>
    </ClInclude>
  </ItemGroup>
  <ItemGroup>
    <ClCompile Include="src\roamer_editor\EditorApplication.cpp">
      <Filter>源文件</Filter>
    </ClCompile>
    <ClCompile Include="src\roamer_editor\Inspector.cpp">
      <Filter>源文件</Filter>
    </ClCompile>
    <ClCompile Include="src\roamer_editor\Hierarchy.cpp">
      <Filter>源文件</Filter>
    </ClCompile>
    <ClCompile Include="src\roamer_editor\RendererEditor.cpp">
      <Filter>源文件</Filter>
    </ClCompile>
    <ClCompile Include="src\roamer_editor\LightEditor.cpp">
      <Filter>源文件</Filter>
    </ClCompile>
    <ClCompile Include="src\roamer_editor\CameraEditor.cpp">
      <Filter>源文件</Filter>
    </ClCompile>
    <ClCompile Include="src\roamer_editor\TransformEditor.cpp">
      <Filter>源文件</Filter>
    </ClCompile>
    <ClCompile Include="src\roamer_editor\Editor.cpp">
      <Filter>源文件</Filter>
    </ClCompile>
  </ItemGroup>
</Project>