
Microsoft Visual Studio Solution File, Format Version 12.00
# Visual Studio Version 17
VisualStudioVersion = 17.3.32804.467
MinimumVisualStudioVersion = 10.0.40219.1
Project("{8BC9CEB8-8B4A-11D0-8D11-00A0C91BC942}") = "Beginner", "CGProjects\CGProjects.vcxproj", "{160B85C6-B987-4512-B5B9-BCC1A03B4284}"
	ProjectSection(ProjectDependencies) = postProject
		{42E05DAC-3C56-4632-A1CD-C22FFFBA6D88} = {42E05DAC-3C56-4632-A1CD-C22FFFBA6D88}
	EndProjectSection
EndProject
Project("{8BC9CEB8-8B4A-11D0-8D11-00A0C91BC942}") = "RoamerEngine", "RoamerEngine\RoamerEngine.vcxproj", "{42E05DAC-3C56-4632-A1CD-C22FFFBA6D88}"
EndProject
Project("{8BC9CEB8-8B4A-11D0-8D11-00A0C91BC942}") = "Assignment_2", "Assignment_2\Assignment_2.vcxproj", "{F44F9305-49D9-4155-A4CC-09FDF2AE4DCB}"
EndProject
Project("{8BC9CEB8-8B4A-11D0-8D11-00A0C91BC942}") = "Assignment_2-2", "Assignment_2-2\Assignment_2-2.vcxproj", "{432D9B6F-A96D-4A42-A942-86182F34EBCF}"
EndProject
Project("{8BC9CEB8-8B4A-11D0-8D11-00A0C91BC942}") = "MyTest", "MyTest\MyTest.vcxproj", "{227D6E92-A154-4B7B-A9B1-807E81FD8013}"
EndProject
Global
	GlobalSection(SolutionConfigurationPlatforms) = preSolution
		Debug|x64 = Debug|x64
		Debug|x86 = Debug|x86
		Release|x64 = Release|x64
		Release|x86 = Release|x86
	EndGlobalSection
	GlobalSection(ProjectConfigurationPlatforms) = postSolution
		{160B85C6-B987-4512-B5B9-BCC1A03B4284}.Debug|x64.ActiveCfg = Debug|x64
		{160B85C6-B987-4512-B5B9-BCC1A03B4284}.Debug|x64.Build.0 = Debug|x64
		{160B85C6-B987-4512-B5B9-BCC1A03B4284}.Debug|x86.ActiveCfg = Debug|Win32
		{160B85C6-B987-4512-B5B9-BCC1A03B4284}.Debug|x86.Build.0 = Debug|Win32
		{160B85C6-B987-4512-B5B9-BCC1A03B4284}.Release|x64.ActiveCfg = Release|x64
		{160B85C6-B987-4512-B5B9-BCC1A03B4284}.Release|x64.Build.0 = Release|x64
		{160B85C6-B987-4512-B5B9-BCC1A03B4284}.Release|x86.ActiveCfg = Release|Win32
		{160B85C6-B987-4512-B5B9-BCC1A03B4284}.Release|x86.Build.0 = Release|Win32
		{42E05DAC-3C56-4632-A1CD-C22FFFBA6D88}.Debug|x64.ActiveCfg = Debug|x64
		{42E05DAC-3C56-4632-A1CD-C22FFFBA6D88}.Debug|x64.Build.0 = Debug|x64
		{42E05DAC-3C56-4632-A1CD-C22FFFBA6D88}.Debug|x86.ActiveCfg = Debug|Win32
		{42E05DAC-3C56-4632-A1CD-C22FFFBA6D88}.Debug|x86.Build.0 = Debug|Win32
		{42E05DAC-3C56-4632-A1CD-C22FFFBA6D88}.Release|x64.ActiveCfg = Release|x64
		{42E05DAC-3C56-4632-A1CD-C22FFFBA6D88}.Release|x64.Build.0 = Release|x64
		{42E05DAC-3C56-4632-A1CD-C22FFFBA6D88}.Release|x86.ActiveCfg = Release|Win32
		{42E05DAC-3C56-4632-A1CD-C22FFFBA6D88}.Release|x86.Build.0 = Release|Win32
		{F44F9305-49D9-4155-A4CC-09FDF2AE4DCB}.Debug|x64.ActiveCfg = Debug|x64
		{F44F9305-49D9-4155-A4CC-09FDF2AE4DCB}.Debug|x64.Build.0 = Debug|x64
		{F44F9305-49D9-4155-A4CC-09FDF2AE4DCB}.Debug|x86.ActiveCfg = Debug|Win32
		{F44F9305-49D9-4155-A4CC-09FDF2AE4DCB}.Debug|x86.Build.0 = Debug|Win32
		{F44F9305-49D9-4155-A4CC-09FDF2AE4DCB}.Release|x64.ActiveCfg = Release|x64
		{F44F9305-49D9-4155-A4CC-09FDF2AE4DCB}.Release|x64.Build.0 = Release|x64
		{F44F9305-49D9-4155-A4CC-09FDF2AE4DCB}.Release|x86.ActiveCfg = Release|Win32
		{F44F9305-49D9-4155-A4CC-09FDF2AE4DCB}.Release|x86.Build.0 = Release|Win32
		{432D9B6F-A96D-4A42-A942-86182F34EBCF}.Debug|x64.ActiveCfg = Debug|x64
		{432D9B6F-A96D-4A42-A942-86182F34EBCF}.Debug|x64.Build.0 = Debug|x64
		{432D9B6F-A96D-4A42-A942-86182F34EBCF}.Debug|x86.ActiveCfg = Debug|Win32
		{432D9B6F-A96D-4A42-A942-86182F34EBCF}.Debug|x86.Build.0 = Debug|Win32
		{432D9B6F-A96D-4A42-A942-86182F34EBCF}.Release|x64.ActiveCfg = Release|x64
		{432D9B6F-A96D-4A42-A942-86182F34EBCF}.Release|x64.Build.0 = Release|x64
		{432D9B6F-A96D-4A42-A942-86182F34EBCF}.Release|x86.ActiveCfg = Release|Win32
		{432D9B6F-A96D-4A42-A942-86182F34EBCF}.Release|x86.Build.0 = Release|Win32
		{227D6E92-A154-4B7B-A9B1-807E81FD8013}.Debug|x64.ActiveCfg = Debug|x64
		{227D6E92-A154-4B7B-A9B1-807E81FD8013}.Debug|x64.Build.0 = Debug|x64
		{227D6E92-A154-4B7B-A9B1-807E81FD8013}.Debug|x86.ActiveCfg = Debug|Win32
		{227D6E92-A154-4B7B-A9B1-807E81FD8013}.Debug|x86.Build.0 = Debug|Win32
		{227D6E92-A154-4B7B-A9B1-807E81FD8013}.Release|x64.ActiveCfg = Release|x64
		{227D6E92-A154-4B7B-A9B1-807E81FD8013}.Release|x64.Build.0 = Release|x64
		{227D6E92-A154-4B7B-A9B1-807E81FD8013}.Release|x86.ActiveCfg = Release|Win32
		{227D6E92-A154-4B7B-A9B1-807E81FD8013}.Release|x86.Build.0 = Release|Win32
	EndGlobalSection
	GlobalSection(SolutionProperties) = preSolution
		HideSolutionNode = FALSE
	EndGlobalSection
	GlobalSection(ExtensibilityGlobals) = postSolution
		SolutionGuid = {B261D230-0B7D-43CF-830A-EC00DBC2D8FF}
	EndGlobalSection
EndGlobal
