<?xml version="1.0" encoding="utf-8"?>
<Project ToolsVersion="4.0" xmlns="http://schemas.microsoft.com/developer/msbuild/2003">
  <ItemGroup>
    <Filter Include="资源文件">
      <UniqueIdentifier>{67DA6AB6-F800-4c08-8B7A-83BB121AAD01}</UniqueIdentifier>
      <Extensions>rc;ico;cur;bmp;dlg;rc2;rct;bin;rgs;gif;jpg;jpeg;jpe;resx;tiff;tif;png;wav;mfcribbon-ms</Extensions>
    </Filter>
    <Filter Include="资源文件\shaders">
      <UniqueIdentifier>{ee6ce639-e380-402d-8a45-691591e329b5}</UniqueIdentifier>
    </Filter>
    <Filter Include="src">
      <UniqueIdentifier>{4FC737F1-C7A5-4376-A066-2A32D752A2FF}</UniqueIdentifier>
      <Extensions>cpp;c;cc;cxx;c++;cppm;ixx;def;odl;idl;hpj;bat;asm;asmx</Extensions>
    </Filter>
    <Filter Include="src\roamer_engine">
      <UniqueIdentifier>{065d0ce0-63c3-4ec2-b888-22dfe0140cdf}</UniqueIdentifier>
    </Filter>
    <Filter Include="src\roamer_engine\display">
      <UniqueIdentifier>{831f02ec-472d-4457-a4f4-1646661cfdb4}</UniqueIdentifier>
    </Filter>
    <Filter Include="include">
      <UniqueIdentifier>{93995380-89BD-4b04-88EB-625FBE52EBFB}</UniqueIdentifier>
      <Extensions>h;hh;hpp;hxx;h++;hm;inl;inc;ipp;xsd</Extensions>
    </Filter>
    <Filter Include="include\roamer_engine">
      <UniqueIdentifier>{20e821dc-5384-4f28-9686-a1c258a9aeff}</UniqueIdentifier>
    </Filter>
    <Filter Include="include\roamer_engine\display">
      <UniqueIdentifier>{59188177-3dc8-4938-9744-4e7df9d4a9b9}</UniqueIdentifier>
    </Filter>
    <Filter Include="include\roamer_engine\input">
      <UniqueIdentifier>{28726e48-352b-4199-93af-4de290c271da}</UniqueIdentifier>
    </Filter>
  </ItemGroup>
  <ItemGroup>
    <None Include="shaders\unlit.frag">
      <Filter>资源文件\shaders</Filter>
    </None>
    <None Include="shaders\unlit.vert">
      <Filter>资源文件\shaders</Filter>
    </None>
    <None Include="shaders\skybox.vert" />
    <None Include="shaders\skybox.frag" />
    <None Include="shaders\lit.frag" />
    <None Include="shaders\lit.vert" />
  </ItemGroup>
  <ItemGroup>
    <ClCompile Include="src\roamer_engine\display\Transform.cpp">
      <Filter>src\roamer_engine\display</Filter>
    </ClCompile>
    <ClCompile Include="src\roamer_engine\display\Component.cpp">
      <Filter>src\roamer_engine\display</Filter>
    </ClCompile>
    <ClCompile Include="src\roamer_engine\display\Renderer.cpp">
      <Filter>src\roamer_engine\display</Filter>
    </ClCompile>
    <ClCompile Include="src\roamer_engine\display\MeshRenderer.cpp">
      <Filter>src\roamer_engine\display</Filter>
    </ClCompile>
    <ClCompile Include="src\roamer_engine\display\DisplayObject.cpp">
      <Filter>src\roamer_engine\display</Filter>
    </ClCompile>
    <ClCompile Include="src\roamer_engine\display\Mesh.cpp">
      <Filter>src\roamer_engine\display</Filter>
    </ClCompile>
    <ClCompile Include="src\roamer_engine\display\Primitives.cpp">
      <Filter>src\roamer_engine\display</Filter>
    </ClCompile>
    <ClCompile Include="src\roamer_engine\display\Camera.cpp">
      <Filter>src\roamer_engine\display</Filter>
    </ClCompile>
    <ClCompile Include="src\roamer_engine\display\Material.cpp">
      <Filter>src</Filter>
    </ClCompile>
    <ClCompile Include="src\roamer_engine\display\Shader.cpp">
      <Filter>src</Filter>
    </ClCompile>
    <ClCompile Include="src\roamer_engine\display\Texture.cpp">
      <Filter>src</Filter>
    </ClCompile>
    <ClCompile Include="src\roamer_engine\display\SkyBox.cpp">
      <Filter>src</Filter>
    </ClCompile>
    <ClCompile Include="src\roamer_engine\display\Texture2D.cpp">
      <Filter>src</Filter>
    </ClCompile>
    <ClCompile Include="src\roamer_engine\display\Materials.cpp">
      <Filter>src</Filter>
    </ClCompile>
    <ClCompile Include="src\roamer_engine\display\Light.cpp">
      <Filter>src</Filter>
    </ClCompile>
    <ClCompile Include="src\roamer_engine\rendering\RenderMaster.cpp">
      <Filter>src</Filter>
    </ClCompile>
    <ClCompile Include="src\roamer_engine\display\ModelLoader.cpp">
      <Filter>src</Filter>
    </ClCompile>
    <ClCompile Include="src\roamer_engine\display\Shaders.cpp">
      <Filter>src</Filter>
    </ClCompile>
  </ItemGroup>
  <ItemGroup>
    <ClInclude Include="include\roamer_engine\Time.hpp">
      <Filter>include\roamer_engine</Filter>
    </ClInclude>
    <ClInclude Include="include\roamer_engine\Application.hpp">
      <Filter>include\roamer_engine</Filter>
    </ClInclude>
    <ClInclude Include="include\roamer_engine\Color.hpp">
      <Filter>include\roamer_engine</Filter>
    </ClInclude>
    <ClInclude Include="include\roamer_engine\display.hpp">
      <Filter>include\roamer_engine</Filter>
    </ClInclude>
    <ClInclude Include="include\roamer_engine\Object.hpp">
      <Filter>include\roamer_engine</Filter>
    </ClInclude>
    <ClInclude Include="include\roamer_engine\Random.hpp">
      <Filter>include\roamer_engine</Filter>
    </ClInclude>
    <ClInclude Include="include\roamer_engine\display\Transform.hpp">
      <Filter>include\roamer_engine\display</Filter>
    </ClInclude>
    <ClInclude Include="include\roamer_engine\display\Component.hpp">
      <Filter>include\roamer_engine\display</Filter>
    </ClInclude>
    <ClInclude Include="include\roamer_engine\display\DisplayObject.hpp">
      <Filter>include\roamer_engine\display</Filter>
    </ClInclude>
    <ClInclude Include="include\roamer_engine\display\Mesh.hpp">
      <Filter>include\roamer_engine\display</Filter>
    </ClInclude>
    <ClInclude Include="include\roamer_engine\display\MeshRenderer.hpp">
      <Filter>include\roamer_engine\display</Filter>
    </ClInclude>
    <ClInclude Include="include\roamer_engine\display\Renderer.hpp">
      <Filter>include\roamer_engine\display</Filter>
    </ClInclude>
    <ClInclude Include="include\roamer_engine\display\Scene.hpp">
      <Filter>include\roamer_engine\display</Filter>
    </ClInclude>
    <ClInclude Include="include\roamer_engine\display\Shaders.hpp">
      <Filter>include\roamer_engine\display</Filter>
    </ClInclude>
    <ClInclude Include="include\roamer_engine.hpp">
      <Filter>include</Filter>
    </ClInclude>
    <ClInclude Include="include\roamer_engine\display\Primitives.hpp">
      <Filter>include\roamer_engine\display</Filter>
    </ClInclude>
    <ClInclude Include="include\roamer_engine\display\Camera.hpp">
      <Filter>include\roamer_engine\display</Filter>
    </ClInclude>
    <ClInclude Include="include\roamer_engine\input\Input.hpp">
      <Filter>include\roamer_engine\input</Filter>
    </ClInclude>
    <ClInclude Include="include\roamer_engine\input\KeyCode.hpp">
      <Filter>include\roamer_engine\input</Filter>
    </ClInclude>
    <ClInclude Include="include\roamer_engine\input.hpp">
      <Filter>include\roamer_engine</Filter>
    </ClInclude>
    <ClInclude Include="include\roamer_engine\display\MeshFilter.hpp">
      <Filter>include</Filter>
    </ClInclude>
    <ClInclude Include="include\roamer_engine\display\Material.hpp">
      <Filter>include</Filter>
    </ClInclude>
    <ClInclude Include="include\roamer_engine\display\Materials.hpp">
      <Filter>include</Filter>
    </ClInclude>
    <ClInclude Include="include\roamer_engine\display\Shader.hpp">
      <Filter>include</Filter>
    </ClInclude>
    <ClInclude Include="include\roamer_engine\display\Texture2D.hpp">
      <Filter>include</Filter>
    </ClInclude>
    <ClInclude Include="include\roamer_engine\display\Sprite.hpp">
      <Filter>include</Filter>
    </ClInclude>
    <ClInclude Include="include\roamer_engine\display\SpriteRenderer.hpp">
      <Filter>include</Filter>
    </ClInclude>
    <ClInclude Include="include\roamer_engine\display\Texture.hpp">
      <Filter>include</Filter>
    </ClInclude>
    <ClInclude Include="include\roamer_engine\display\SkyBox.hpp">
      <Filter>include</Filter>
    </ClInclude>
    <ClInclude Include="include\roamer_engine\display\Light.hpp">
      <Filter>include</Filter>
    </ClInclude>
    <ClInclude Include="include\roamer_engine\rendering\Buffers.hpp">
      <Filter>include</Filter>
    </ClInclude>
    <ClInclude Include="include\roamer_engine\rendering\RenderMaster.hpp">
      <Filter>include</Filter>
    </ClInclude>
    <ClInclude Include="include\roamer_engine\display\ModelLoader.hpp">
      <Filter>include</Filter>
    </ClInclude>
  </ItemGroup>
</Project>